
Microsoft Visual Studio Solution File, Format Version 12.00
# Visual Studio Version 17
VisualStudioVersion = 17.13.35617.110 d17.13
MinimumVisualStudioVersion = 10.0.40219.1
Project("{FAE04EC0-301F-11D3-BF4B-00C04F79EFBC}") = "MauiNet9", "MauiNet9.csproj", "{0CA646E6-3157-4891-A98A-784C7A304FBC}"
EndProject
Global
	GlobalSection(SolutionConfigurationPlatforms) = preSolution
		Debug|Any CPU = Debug|Any CPU
		Release|Any CPU = Release|Any CPU
	EndGlobalSection
	GlobalSection(ProjectConfigurationPlatforms) = postSolution
		{0CA646E6-3157-4891-A98A-784C7A304FBC}.Debug|Any CPU.ActiveCfg = Debug|Any CPU
		{0CA646E6-3157-4891-A98A-784C7A304FBC}.Debug|Any CPU.Build.0 = Debug|Any CPU
		{0CA646E6-3157-4891-A98A-784C7A304FBC}.Release|Any CPU.ActiveCfg = Release|Any CPU
		{0CA646E6-3157-4891-A98A-784C7A304FBC}.Release|Any CPU.Build.0 = Release|Any CPU
	EndGlobalSection
	GlobalSection(SolutionProperties) = preSolution
		HideSolutionNode = FALSE
	EndGlobalSection
	GlobalSection(ExtensibilityGlobals) = postSolution
		SolutionGuid = {F225370C-15AE-41B1-AD1F-7D29D18086EB}
	EndGlobalSection
EndGlobal
